
Microsoft Visual Studio Solution File, Format Version 12.00
# Visual Studio Version 17
VisualStudioVersion = 17.11.35327.3
MinimumVisualStudioVersion = 10.0.40219.1
Project("{F184B08F-C81C-45F6-A57F-5ABD9991F28F}") = "buss", "buss.vbproj", "{F114B66B-8A0B-483C-904E-3AFF41DD6774}"
EndProject
Global
	GlobalSection(SolutionConfigurationPlatforms) = preSolution
		Debug|Any CPU = Debug|Any CPU
		Release|Any CPU = Release|Any CPU
	EndGlobalSection
	GlobalSection(ProjectConfigurationPlatforms) = postSolution
		{F114B66B-8A0B-483C-904E-3AFF41DD6774}.Debug|Any CPU.ActiveCfg = Debug|Any CPU
		{F114B66B-8A0B-483C-904E-3AFF41DD6774}.Debug|Any CPU.Build.0 = Debug|Any CPU
		{F114B66B-8A0B-483C-904E-3AFF41DD6774}.Release|Any CPU.ActiveCfg = Release|Any CPU
		{F114B66B-8A0B-483C-904E-3AFF41DD6774}.Release|Any CPU.Build.0 = Release|Any CPU
	EndGlobalSection
	GlobalSection(SolutionProperties) = preSolution
		HideSolutionNode = FALSE
	EndGlobalSection
	GlobalSection(ExtensibilityGlobals) = postSolution
		SolutionGuid = {1B6A4877-35BE-4FB3-92EA-BBD8DE4AB847}
	EndGlobalSection
EndGlobal
