
Microsoft Visual Studio Solution File, Format Version 12.00
# Visual Studio Version 17
VisualStudioVersion = 17.11.35327.3
MinimumVisualStudioVersion = 10.0.40219.1
Project("{F184B08F-C81C-45F6-A57F-5ABD9991F28F}") = "calculer le prix d'un menu", "calculer le prix d'un menu.vbproj", "{45547C1B-3B31-4173-BFE4-E34AFE8AF0AA}"
EndProject
Global
	GlobalSection(SolutionConfigurationPlatforms) = preSolution
		Debug|Any CPU = Debug|Any CPU
		Release|Any CPU = Release|Any CPU
	EndGlobalSection
	GlobalSection(ProjectConfigurationPlatforms) = postSolution
		{45547C1B-3B31-4173-BFE4-E34AFE8AF0AA}.Debug|Any CPU.ActiveCfg = Debug|Any CPU
		{45547C1B-3B31-4173-BFE4-E34AFE8AF0AA}.Debug|Any CPU.Build.0 = Debug|Any CPU
		{45547C1B-3B31-4173-BFE4-E34AFE8AF0AA}.Release|Any CPU.ActiveCfg = Release|Any CPU
		{45547C1B-3B31-4173-BFE4-E34AFE8AF0AA}.Release|Any CPU.Build.0 = Release|Any CPU
	EndGlobalSection
	GlobalSection(SolutionProperties) = preSolution
		HideSolutionNode = FALSE
	EndGlobalSection
	GlobalSection(ExtensibilityGlobals) = postSolution
		SolutionGuid = {B4CDADE9-B396-473F-9F39-1F9245BDE51A}
	EndGlobalSection
EndGlobal
