
Microsoft Visual Studio Solution File, Format Version 12.00
# Visual Studio Version 17
VisualStudioVersion = 17.11.35327.3
MinimumVisualStudioVersion = 10.0.40219.1
Project("{F184B08F-C81C-45F6-A57F-5ABD9991F28F}") = "plus chez", "plus chez.vbproj", "{FB5A134B-B81B-453B-AD25-BEFE75A0010E}"
EndProject
Global
	GlobalSection(SolutionConfigurationPlatforms) = preSolution
		Debug|Any CPU = Debug|Any CPU
		Release|Any CPU = Release|Any CPU
	EndGlobalSection
	GlobalSection(ProjectConfigurationPlatforms) = postSolution
		{FB5A134B-B81B-453B-AD25-BEFE75A0010E}.Debug|Any CPU.ActiveCfg = Debug|Any CPU
		{FB5A134B-B81B-453B-AD25-BEFE75A0010E}.Debug|Any CPU.Build.0 = Debug|Any CPU
		{FB5A134B-B81B-453B-AD25-BEFE75A0010E}.Release|Any CPU.ActiveCfg = Release|Any CPU
		{FB5A134B-B81B-453B-AD25-BEFE75A0010E}.Release|Any CPU.Build.0 = Release|Any CPU
	EndGlobalSection
	GlobalSection(SolutionProperties) = preSolution
		HideSolutionNode = FALSE
	EndGlobalSection
	GlobalSection(ExtensibilityGlobals) = postSolution
		SolutionGuid = {6C839791-B39C-4447-AA06-36EB0EE92629}
	EndGlobalSection
EndGlobal
